uuid: 4ec6ff6e-bf40-4ce6-b58d-cfc04e867ac6
langcode: en
status: true
dependencies:
  module:
    - simple_vote
  theme:
    - olivero
id: olivero_simplevoteblock
theme: olivero
region: content
weight: 0
provider: null
plugin: simple_vote_block
settings:
  id: simple_vote_block
  label: 'Simple Vote Block'
  label_display: '0'
  provider: simple_vote
  question_id: '1'
visibility: {  }
